
Microsoft Visual Studio Solution File, Format Version 12.00
# Visual Studio Express 2013 for Windows Desktop
VisualStudioVersion = 12.0.31101.0
MinimumVisualStudioVersion = 10.0.40219.1
Project("{8BC9CEB8-8B4A-11D0-8D11-00A0C91BC942}") = "mmwavelink_example_nonos", "mmwavelink_example_nonos.vcxproj", "{7DDA6FE1-D2A0-4810-B686-A3F0ED42A114}"
	ProjectSection(ProjectDependencies) = postProject
		{86884692-D405-4D66-8A11-F40D583E065C} = {86884692-D405-4D66-8A11-F40D583E065C}
	EndProjectSection
EndProject
Project("{8BC9CEB8-8B4A-11D0-8D11-00A0C91BC942}") = "mmwavelink", "..\..\control\mmwavelink\vs\mmwavelink.vcxproj", "{86884692-D405-4D66-8A11-F40D583E065C}"
EndProject
Global
	GlobalSection(SolutionConfigurationPlatforms) = preSolution
		Debug|Win32 = Debug|Win32
		Release|Win32 = Release|Win32
		simulation|Win32 = simulation|Win32
	EndGlobalSection
	GlobalSection(ProjectConfigurationPlatforms) = postSolution
		{7DDA6FE1-D2A0-4810-B686-A3F0ED42A114}.Debug|Win32.ActiveCfg = Debug|Win32
		{7DDA6FE1-D2A0-4810-B686-A3F0ED42A114}.Debug|Win32.Build.0 = Debug|Win32
		{7DDA6FE1-D2A0-4810-B686-A3F0ED42A114}.Release|Win32.ActiveCfg = Release|Win32
		{7DDA6FE1-D2A0-4810-B686-A3F0ED42A114}.Release|Win32.Build.0 = Release|Win32
		{7DDA6FE1-D2A0-4810-B686-A3F0ED42A114}.simulation|Win32.ActiveCfg = Release|Win32
		{7DDA6FE1-D2A0-4810-B686-A3F0ED42A114}.simulation|Win32.Build.0 = Release|Win32
		{86884692-D405-4D66-8A11-F40D583E065C}.Debug|Win32.ActiveCfg = Debug|Win32
		{86884692-D405-4D66-8A11-F40D583E065C}.Debug|Win32.Build.0 = Debug|Win32
		{86884692-D405-4D66-8A11-F40D583E065C}.Release|Win32.ActiveCfg = Release|Win32
		{86884692-D405-4D66-8A11-F40D583E065C}.Release|Win32.Build.0 = Release|Win32
		{86884692-D405-4D66-8A11-F40D583E065C}.simulation|Win32.ActiveCfg = simulation|Win32
		{86884692-D405-4D66-8A11-F40D583E065C}.simulation|Win32.Build.0 = simulation|Win32
	EndGlobalSection
	GlobalSection(SolutionProperties) = preSolution
		HideSolutionNode = FALSE
	EndGlobalSection
EndGlobal
